
Microsoft Visual Studio Solution File, Format Version 12.00
# Visual Studio Version 17
VisualStudioVersion = 17.11.35327.3
MinimumVisualStudioVersion = 10.0.40219.1
Project("{8BC9CEB8-8B4A-11D0-8D11-00A0C91BC942}") = "win-client", "win-client_src\win-client.vcxproj", "{6750966C-5C70-468A-A5AC-DD2728A3B3B1}"
EndProject
Project("{8BC9CEB8-8B4A-11D0-8D11-00A0C91BC942}") = "CustomTestMic_APO_src", "CustomTestMic_APO_src\CustomTestMic_APO.vcxproj", "{5DD17EE5-321E-460B-858D-881E44E1C12F}"
EndProject
Global
	GlobalSection(SolutionConfigurationPlatforms) = preSolution
		Debug|ARM = Debug|ARM
		Debug|ARM64 = Debug|ARM64
		Debug|x64 = Debug|x64
		Debug|x86 = Debug|x86
		Release|ARM = Release|ARM
		Release|ARM64 = Release|ARM64
		Release|x64 = Release|x64
		Release|x86 = Release|x86
	EndGlobalSection
	GlobalSection(ProjectConfigurationPlatforms) = postSolution
		{6750966C-5C70-468A-A5AC-DD2728A3B3B1}.Debug|ARM.ActiveCfg = Debug|x64
		{6750966C-5C70-468A-A5AC-DD2728A3B3B1}.Debug|ARM.Build.0 = Debug|x64
		{6750966C-5C70-468A-A5AC-DD2728A3B3B1}.Debug|ARM64.ActiveCfg = Debug|x64
		{6750966C-5C70-468A-A5AC-DD2728A3B3B1}.Debug|ARM64.Build.0 = Debug|x64
		{6750966C-5C70-468A-A5AC-DD2728A3B3B1}.Debug|x64.ActiveCfg = Debug|x64
		{6750966C-5C70-468A-A5AC-DD2728A3B3B1}.Debug|x64.Build.0 = Debug|x64
		{6750966C-5C70-468A-A5AC-DD2728A3B3B1}.Debug|x86.ActiveCfg = Debug|Win32
		{6750966C-5C70-468A-A5AC-DD2728A3B3B1}.Release|ARM.ActiveCfg = Release|x64
		{6750966C-5C70-468A-A5AC-DD2728A3B3B1}.Release|ARM.Build.0 = Release|x64
		{6750966C-5C70-468A-A5AC-DD2728A3B3B1}.Release|ARM64.ActiveCfg = Release|x64
		{6750966C-5C70-468A-A5AC-DD2728A3B3B1}.Release|ARM64.Build.0 = Release|x64
		{6750966C-5C70-468A-A5AC-DD2728A3B3B1}.Release|x64.ActiveCfg = Release|x64
		{6750966C-5C70-468A-A5AC-DD2728A3B3B1}.Release|x64.Build.0 = Release|x64
		{6750966C-5C70-468A-A5AC-DD2728A3B3B1}.Release|x86.ActiveCfg = Release|Win32
		{5DD17EE5-321E-460B-858D-881E44E1C12F}.Debug|ARM.ActiveCfg = Debug|x64
		{5DD17EE5-321E-460B-858D-881E44E1C12F}.Debug|ARM.Build.0 = Debug|x64
		{5DD17EE5-321E-460B-858D-881E44E1C12F}.Debug|ARM64.ActiveCfg = Debug|x64
		{5DD17EE5-321E-460B-858D-881E44E1C12F}.Debug|ARM64.Build.0 = Debug|x64
		{5DD17EE5-321E-460B-858D-881E44E1C12F}.Debug|x64.ActiveCfg = Debug|x64
		{5DD17EE5-321E-460B-858D-881E44E1C12F}.Debug|x64.Build.0 = Debug|x64
		{5DD17EE5-321E-460B-858D-881E44E1C12F}.Debug|x86.ActiveCfg = Debug|Win32
		{5DD17EE5-321E-460B-858D-881E44E1C12F}.Debug|x86.Build.0 = Debug|Win32
		{5DD17EE5-321E-460B-858D-881E44E1C12F}.Release|ARM.ActiveCfg = Release|x64
		{5DD17EE5-321E-460B-858D-881E44E1C12F}.Release|ARM.Build.0 = Release|x64
		{5DD17EE5-321E-460B-858D-881E44E1C12F}.Release|ARM64.ActiveCfg = Release|x64
		{5DD17EE5-321E-460B-858D-881E44E1C12F}.Release|ARM64.Build.0 = Release|x64
		{5DD17EE5-321E-460B-858D-881E44E1C12F}.Release|x64.ActiveCfg = Release|x64
		{5DD17EE5-321E-460B-858D-881E44E1C12F}.Release|x64.Build.0 = Release|x64
		{5DD17EE5-321E-460B-858D-881E44E1C12F}.Release|x86.ActiveCfg = Release|Win32
		{5DD17EE5-321E-460B-858D-881E44E1C12F}.Release|x86.Build.0 = Release|Win32
	EndGlobalSection
	GlobalSection(SolutionProperties) = preSolution
		HideSolutionNode = FALSE
	EndGlobalSection
	GlobalSection(ExtensibilityGlobals) = postSolution
		SolutionGuid = {07DCB1B2-4182-41E2-81AB-106169309419}
	EndGlobalSection
EndGlobal
